
Microsoft Visual Studio Solution File, Format Version 12.00
# Visual Studio Version 17
VisualStudioVersion = 17.8.34525.116
MinimumVisualStudioVersion = 10.0.40219.1
Project("{FAE04EC0-301F-11D3-BF4B-00C04F79EFBC}") = "七日杀Mod管理器", "七日杀Mod管理器.csproj", "{291E7EC7-FBEA-47BF-B442-FCBF28C777E8}"
EndProject
Global
	GlobalSection(SolutionConfigurationPlatforms) = preSolution
		Debug|Any CPU = Debug|Any CPU
		Release|Any CPU = Release|Any CPU
	EndGlobalSection
	GlobalSection(ProjectConfigurationPlatforms) = postSolution
		{291E7EC7-FBEA-47BF-B442-FCBF28C777E8}.Debug|Any CPU.ActiveCfg = Debug|Any CPU
		{291E7EC7-FBEA-47BF-B442-FCBF28C777E8}.Debug|Any CPU.Build.0 = Debug|Any CPU
		{291E7EC7-FBEA-47BF-B442-FCBF28C777E8}.Release|Any CPU.ActiveCfg = Release|Any CPU
		{291E7EC7-FBEA-47BF-B442-FCBF28C777E8}.Release|Any CPU.Build.0 = Release|Any CPU
	EndGlobalSection
	GlobalSection(SolutionProperties) = preSolution
		HideSolutionNode = FALSE
	EndGlobalSection
	GlobalSection(ExtensibilityGlobals) = postSolution
		SolutionGuid = {B8C9E049-DE03-4DF8-AF30-19C4A77CA1C9}
	EndGlobalSection
EndGlobal
